// !$*UTF8*$!
{ archiveVersion = 1; classes = {}; objectVersion = 56; objects = {
D714471ED5AC4FE39DDCB610 = { isa = PBXFileReference; lastKnownFileType = sourcecode.swift; path = "Taskfold/Views/CommentEditor.swift"; sourceTree = "<group>"; };
459E9B2C441240348A2B0F49 = { isa = PBXBuildFile; fileRef = D714471ED5AC4FE39DDCB610; };
F5893C836AF14D11BA5C787D = { isa = PBXFileReference; lastKnownFileType = sourcecode.swift; path = "Taskfold/Views/ListScrollMemory.swift"; sourceTree = "<group>"; };
6DCABDFB633844488C5F38C2 = { isa = PBXBuildFile; fileRef = F5893C836AF14D11BA5C787D; };
95B47163EAE741EEB1FCB18B = { isa = PBXFileReference; lastKnownFileType = sourcecode.swift; path = "Taskfold/Views/FinderView.swift"; sourceTree = "<group>"; };
8DEE47D7D3A146E9A22E11AF = { isa = PBXBuildFile; fileRef = 95B47163EAE741EEB1FCB18B; };
A5704DEA65CD170D4F7F7495 = { isa = PBXFileReference; lastKnownFileType = sourcecode.swift; path = "Taskfold/TaskfoldMacApp.swift"; sourceTree = "<group>"; };
F46DEB2EECE7A8A3DD4CAF35 = { isa = PBXFileReference; lastKnownFileType = sourcecode.swift; path = "Taskfold/Views/AuthView.swift"; sourceTree = "<group>"; };
38E6200FE4E11A7A239F5737 = { isa = PBXFileReference; lastKnownFileType = sourcecode.swift; path = "Taskfold/Views/CalendarView.swift"; sourceTree = "<group>"; };
2EB7F576A928A2C5A33655E7 = { isa = PBXFileReference; lastKnownFileType = sourcecode.swift; path = "Taskfold/Views/DragDrop.swift"; sourceTree = "<group>"; };
3F952D7A79A072368816403F = { isa = PBXFileReference; lastKnownFileType = sourcecode.swift; path = "Taskfold/Views/Editors.swift"; sourceTree = "<group>"; };
70F0DC25A4E23F4B4415C453 = { isa = PBXFileReference; lastKnownFileType = sourcecode.swift; path = "Taskfold/Views/KeyRouter.swift"; sourceTree = "<group>"; };
48FF9548F12C83DF947DFE9B = { isa = PBXFileReference; lastKnownFileType = sourcecode.swift; path = "Taskfold/Views/Motion.swift"; sourceTree = "<group>"; };
BB50CD1486D1C474B03C25BC = { isa = PBXFileReference; lastKnownFileType = sourcecode.swift; path = "Taskfold/Views/RootView.swift"; sourceTree = "<group>"; };
85BBBB23550ADACF3B13D4DF = { isa = PBXFileReference; lastKnownFileType = sourcecode.swift; path = "Taskfold/Views/SettingsView.swift"; sourceTree = "<group>"; };
7D653582B76EEC85DE2DAEBA = { isa = PBXFileReference; lastKnownFileType = sourcecode.swift; path = "Taskfold/Views/SidebarView.swift"; sourceTree = "<group>"; };
3F14B2EE90F9780861A60151 = { isa = PBXFileReference; lastKnownFileType = sourcecode.swift; path = "Taskfold/Views/TaskInspector.swift"; sourceTree = "<group>"; };
A3E24AB149289AD47C257697 = { isa = PBXFileReference; lastKnownFileType = sourcecode.swift; path = "Taskfold/Views/TaskListView.swift"; sourceTree = "<group>"; };
EDF82078AE73353BC577B4AB = { isa = PBXFileReference; lastKnownFileType = sourcecode.swift; path = "Taskfold/Views/TaskRowView.swift"; sourceTree = "<group>"; };
BD6BD2FCDAA326E55676648E = { isa = PBXFileReference; lastKnownFileType = sourcecode.swift; path = "Taskfold/Views/Transitions.swift"; sourceTree = "<group>"; };
2D0543843EF1DFFB44AF8FE3 = { isa = PBXFileReference; lastKnownFileType = sourcecode.swift; path = "Taskfold/Workspace.swift"; sourceTree = "<group>"; };
C25AD101F6817BFD298CE5A9 = { isa = PBXFileReference; lastKnownFileType = sourcecode.swift; name = "Models.swift"; path = "$(TASKFOLD_IOS_ROOT)/Taskfold/Core/Models.swift"; sourceTree = "<group>"; };
1617EDFE62FEC93EF2165C43 = { isa = PBXFileReference; lastKnownFileType = sourcecode.swift; name = "Store.swift"; path = "$(TASKFOLD_IOS_ROOT)/Taskfold/Core/Store.swift"; sourceTree = "<group>"; };
EAE8ED608D8763FE3EEDCF15 = { isa = PBXFileReference; lastKnownFileType = sourcecode.swift; name = "Backend.swift"; path = "$(TASKFOLD_IOS_ROOT)/Taskfold/Core/Backend.swift"; sourceTree = "<group>"; };
3682AACB19F86BF44A7049E9 = { isa = PBXFileReference; lastKnownFileType = folder.assetcatalog; path = "Taskfold/Assets.xcassets"; sourceTree = "<group>"; };
3C4988B9523A4FFB128F4600 = { isa = PBXFileReference; lastKnownFileType = text.plist.xml; name = "Backend.plist"; path = "$(TASKFOLD_IOS_ROOT)/Taskfold/Backend.plist"; sourceTree = "<group>"; };
C53CCE29EE5D18416E576616 = { isa = PBXFileReference; lastKnownFileType = folder.icon; name = "TaskfoldIcon.icon"; path = "$(TASKFOLD_IOS_ROOT)/Taskfold/TaskfoldIcon.icon"; sourceTree = "<group>"; };
0120B8D10304049A184995EB = { isa = PBXFileReference; lastKnownFileType = sourcecode.swift; path = "TaskfoldUITests/TaskfoldMacUITests.swift"; sourceTree = "<group>"; };
AF931C688365A4F877C97F28 = { isa = PBXFileReference; lastKnownFileType = text.plist.xml; path = "Taskfold/Info.plist"; sourceTree = "<group>"; };
BE3B30C7B018B1FA80EEFFAE = { isa = PBXFileReference; lastKnownFileType = text.plist.entitlements; path = "Taskfold/Taskfold.entitlements"; sourceTree = "<group>"; };
5BB90DD8138C5009E4D21877 = { isa = PBXBuildFile; fileRef = A5704DEA65CD170D4F7F7495; };
8284622F3A98ED6E6A10C911 = { isa = PBXBuildFile; fileRef = F46DEB2EECE7A8A3DD4CAF35; };
B2EF5E009B677004BAB75B45 = { isa = PBXBuildFile; fileRef = 38E6200FE4E11A7A239F5737; };
77D7475F51702103DBEA4D9F = { isa = PBXBuildFile; fileRef = 2EB7F576A928A2C5A33655E7; };
9FC43D2319F486BD36B1DEBC = { isa = PBXBuildFile; fileRef = 3F952D7A79A072368816403F; };
0677D49C8FC2B5EC9D1CA799 = { isa = PBXBuildFile; fileRef = 70F0DC25A4E23F4B4415C453; };
E4797140A4E8DCB5DBAAC5A0 = { isa = PBXBuildFile; fileRef = 48FF9548F12C83DF947DFE9B; };
0BED1CE688603DFDBC1539D7 = { isa = PBXBuildFile; fileRef = BB50CD1486D1C474B03C25BC; };
B48B3904F3B2B855A3A222FA = { isa = PBXBuildFile; fileRef = 85BBBB23550ADACF3B13D4DF; };
2ABCC96207B4A2897CF32DAF = { isa = PBXBuildFile; fileRef = 7D653582B76EEC85DE2DAEBA; };
568F121B38187E95F1C35844 = { isa = PBXBuildFile; fileRef = 3F14B2EE90F9780861A60151; };
6423866D526A6D1AFB7C3BAB = { isa = PBXBuildFile; fileRef = A3E24AB149289AD47C257697; };
CACA48A91630F72F42F81C2A = { isa = PBXBuildFile; fileRef = EDF82078AE73353BC577B4AB; };
BB3D5AEB9D15D2B3DE141D95 = { isa = PBXBuildFile; fileRef = BD6BD2FCDAA326E55676648E; };
12530837B9879DDFD4A8D85A = { isa = PBXBuildFile; fileRef = 2D0543843EF1DFFB44AF8FE3; };
FB7A7FCF6815790EE1E28D64 = { isa = PBXBuildFile; fileRef = C25AD101F6817BFD298CE5A9; };
3DF7EE94E3F91D706A778D54 = { isa = PBXBuildFile; fileRef = 1617EDFE62FEC93EF2165C43; };
749C470CAAD9417B3B02E545 = { isa = PBXBuildFile; fileRef = EAE8ED608D8763FE3EEDCF15; };
96261FFF93563871F8F82A81 = { isa = PBXBuildFile; fileRef = 3682AACB19F86BF44A7049E9; };
E4BB86E49623A68F89F0F7A7 = { isa = PBXBuildFile; fileRef = 3C4988B9523A4FFB128F4600; };
D41EECAC03966D12AC7B1192 = { isa = PBXBuildFile; fileRef = C53CCE29EE5D18416E576616; };
1405E8FA1496C4AAB6371068 = { isa = PBXBuildFile; fileRef = 0120B8D10304049A184995EB; };
84337AD8D27FCD69AF2C4FC2 = { isa = PBXFileReference; explicitFileType = wrapper.application; path = Taskfold.app; sourceTree = BUILT_PRODUCTS_DIR; };
DFDED23FA58339F9273F6C84 = { isa = PBXFileReference; explicitFileType = wrapper.cfbundle; path = TaskfoldUITests.xctest; sourceTree = BUILT_PRODUCTS_DIR; };
2F3A6B1E78F896718625FF06 = { isa = PBXGroup; children = (84337AD8D27FCD69AF2C4FC2,DFDED23FA58339F9273F6C84,); name = "Products"; sourceTree = "<group>"; };
39303E3BC852DD0DFDC830DC = { isa = PBXGroup; children = (C25AD101F6817BFD298CE5A9,1617EDFE62FEC93EF2165C43,EAE8ED608D8763FE3EEDCF15,3C4988B9523A4FFB128F4600,C53CCE29EE5D18416E576616,); name = "Shared Core (taskfold-ios)"; sourceTree = "<group>"; };
38DF21AEF4612506D6BE5CBE = { isa = PBXGroup; children = (D714471ED5AC4FE39DDCB610,F5893C836AF14D11BA5C787D,95B47163EAE741EEB1FCB18B,F46DEB2EECE7A8A3DD4CAF35,38E6200FE4E11A7A239F5737,2EB7F576A928A2C5A33655E7,3F952D7A79A072368816403F,70F0DC25A4E23F4B4415C453,48FF9548F12C83DF947DFE9B,BB50CD1486D1C474B03C25BC,85BBBB23550ADACF3B13D4DF,7D653582B76EEC85DE2DAEBA,3F14B2EE90F9780861A60151,A3E24AB149289AD47C257697,EDF82078AE73353BC577B4AB,BD6BD2FCDAA326E55676648E,); name = "Views"; sourceTree = "<group>"; };
6066F237CF8F1EB7E7D1F371 = { isa = PBXGroup; children = (A5704DEA65CD170D4F7F7495,2D0543843EF1DFFB44AF8FE3,38DF21AEF4612506D6BE5CBE,3682AACB19F86BF44A7049E9,AF931C688365A4F877C97F28,BE3B30C7B018B1FA80EEFFAE,); name = "Taskfold"; sourceTree = "<group>"; };
E8A3D9C9650E8B28E2AC5008 = { isa = PBXGroup; children = (0120B8D10304049A184995EB,); name = "TaskfoldUITests"; sourceTree = "<group>"; };
518DA81DB9B99529C0C0AEBE = { isa = PBXGroup; children = (6066F237CF8F1EB7E7D1F371,39303E3BC852DD0DFDC830DC,E8A3D9C9650E8B28E2AC5008,2F3A6B1E78F896718625FF06,); name = "Root"; sourceTree = "<group>"; };
4821909E9BF9E73E471FEA84 = { isa = PBXSourcesBuildPhase; buildActionMask = 2147483647; files = (459E9B2C441240348A2B0F49,6DCABDFB633844488C5F38C2,8DEE47D7D3A146E9A22E11AF,5BB90DD8138C5009E4D21877,8284622F3A98ED6E6A10C911,B2EF5E009B677004BAB75B45,77D7475F51702103DBEA4D9F,9FC43D2319F486BD36B1DEBC,0677D49C8FC2B5EC9D1CA799,E4797140A4E8DCB5DBAAC5A0,0BED1CE688603DFDBC1539D7,B48B3904F3B2B855A3A222FA,2ABCC96207B4A2897CF32DAF,568F121B38187E95F1C35844,6423866D526A6D1AFB7C3BAB,CACA48A91630F72F42F81C2A,BB3D5AEB9D15D2B3DE141D95,12530837B9879DDFD4A8D85A,FB7A7FCF6815790EE1E28D64,3DF7EE94E3F91D706A778D54,749C470CAAD9417B3B02E545,); runOnlyForDeploymentPostprocessing = 0; };
F667297ED3AB90EAC07798D4 = { isa = PBXResourcesBuildPhase; buildActionMask = 2147483647; files = (96261FFF93563871F8F82A81,E4BB86E49623A68F89F0F7A7,D41EECAC03966D12AC7B1192,); runOnlyForDeploymentPostprocessing = 0; };
6EFAB1ECC0D092E20FE51FCD = { isa = PBXFrameworksBuildPhase; buildActionMask = 2147483647; files = (); runOnlyForDeploymentPostprocessing = 0; };
BDA9E329ACCE0E746140CA84 = { isa = PBXSourcesBuildPhase; buildActionMask = 2147483647; files = (1405E8FA1496C4AAB6371068,); runOnlyForDeploymentPostprocessing = 0; };
4A43692AD8BCEEB8B727C85B = { isa = XCBuildConfiguration; name = Debug; buildSettings = { SDKROOT = macosx; TASKFOLD_IOS_ROOT = "$(PROJECT_DIR)/../taskfold-ios"; MACOSX_DEPLOYMENT_TARGET = 15.0; SWIFT_VERSION = 5.0; CLANG_ENABLE_MODULES = YES; DEVELOPMENT_TEAM = 3UZ4C73FM2; CODE_SIGN_STYLE = Automatic; ENABLE_USER_SCRIPT_SANDBOXING = YES; COMBINE_HIDPI_IMAGES = YES; DEAD_CODE_STRIPPING = YES; SWIFT_OPTIMIZATION_LEVEL = "-Onone"; SWIFT_ACTIVE_COMPILATION_CONDITIONS = DEBUG; DEBUG_INFORMATION_FORMAT = dwarf; ONLY_ACTIVE_ARCH = YES; }; };
C28449456A5A705A7479770B = { isa = XCBuildConfiguration; name = Release; buildSettings = { SDKROOT = macosx; TASKFOLD_IOS_ROOT = "$(PROJECT_DIR)/../taskfold-ios"; MACOSX_DEPLOYMENT_TARGET = 15.0; SWIFT_VERSION = 5.0; CLANG_ENABLE_MODULES = YES; DEVELOPMENT_TEAM = 3UZ4C73FM2; CODE_SIGN_STYLE = Automatic; ENABLE_USER_SCRIPT_SANDBOXING = YES; COMBINE_HIDPI_IMAGES = YES; DEAD_CODE_STRIPPING = YES; SWIFT_OPTIMIZATION_LEVEL = "-O"; DEBUG_INFORMATION_FORMAT = "dwarf-with-dsym"; }; };
1F4E3D13C2320EDA50221924 = { isa = XCConfigurationList; buildConfigurations = (4A43692AD8BCEEB8B727C85B,C28449456A5A705A7479770B,); defaultConfigurationIsVisible = 0; defaultConfigurationName = Release; };
0615050D04BD2DC4E6CFFAFF = { isa = XCBuildConfiguration; name = Debug; buildSettings = { PRODUCT_NAME = Taskfold; PRODUCT_BUNDLE_IDENTIFIER = com.dbakp.taskfold.mac; GENERATE_INFOPLIST_FILE = NO; INFOPLIST_FILE = Taskfold/Info.plist; CODE_SIGN_ENTITLEMENTS = Taskfold/Taskfold.entitlements; ENABLE_HARDENED_RUNTIME = YES; ASSETCATALOG_COMPILER_APPICON_NAME = TaskfoldIcon; ASSETCATALOG_COMPILER_GLOBAL_ACCENT_COLOR_NAME = AccentColor; CURRENT_PROJECT_VERSION = 1; MARKETING_VERSION = 1.0.0; SWIFT_EMIT_LOC_STRINGS = YES; ENABLE_PREVIEWS = YES; LD_RUNPATH_SEARCH_PATHS = "$(inherited) @executable_path/../Frameworks";  }; };
2761849A6D0E26CA4E1817A1 = { isa = XCBuildConfiguration; name = Release; buildSettings = { PRODUCT_NAME = Taskfold; PRODUCT_BUNDLE_IDENTIFIER = com.dbakp.taskfold.mac; GENERATE_INFOPLIST_FILE = NO; INFOPLIST_FILE = Taskfold/Info.plist; CODE_SIGN_ENTITLEMENTS = Taskfold/Taskfold.entitlements; ENABLE_HARDENED_RUNTIME = YES; ASSETCATALOG_COMPILER_APPICON_NAME = TaskfoldIcon; ASSETCATALOG_COMPILER_GLOBAL_ACCENT_COLOR_NAME = AccentColor; CURRENT_PROJECT_VERSION = 1; MARKETING_VERSION = 1.0.0; SWIFT_EMIT_LOC_STRINGS = YES; ENABLE_PREVIEWS = YES; LD_RUNPATH_SEARCH_PATHS = "$(inherited) @executable_path/../Frameworks";  }; };
1D97B77EAD2380603A3F2A82 = { isa = XCConfigurationList; buildConfigurations = (0615050D04BD2DC4E6CFFAFF,2761849A6D0E26CA4E1817A1,); defaultConfigurationIsVisible = 0; defaultConfigurationName = Release; };
B48F0637DA179A96BEA0C97B = { isa = XCBuildConfiguration; name = Debug; buildSettings = { PRODUCT_NAME = TaskfoldUITests; PRODUCT_BUNDLE_IDENTIFIER = com.dbakp.taskfold.mac.uitests; GENERATE_INFOPLIST_FILE = YES; TEST_TARGET_NAME = Taskfold;  }; };
AAEC77A85B92260B0596B84C = { isa = XCBuildConfiguration; name = Release; buildSettings = { PRODUCT_NAME = TaskfoldUITests; PRODUCT_BUNDLE_IDENTIFIER = com.dbakp.taskfold.mac.uitests; GENERATE_INFOPLIST_FILE = YES; TEST_TARGET_NAME = Taskfold;  }; };
96375ECE1B94BBE7901BC88B = { isa = XCConfigurationList; buildConfigurations = (B48F0637DA179A96BEA0C97B,AAEC77A85B92260B0596B84C,); defaultConfigurationIsVisible = 0; defaultConfigurationName = Release; };
431387EB7262E1CFC79B125E = { isa = PBXContainerItemProxy; containerPortal = 46F86FAA6BBF9AC94A7E4595; proxyType = 1; remoteGlobalIDString = E3435DDA2687639586BF0B70; remoteInfo = Taskfold; };
E54DEBD65D8142E7785275AA = { isa = PBXTargetDependency; target = E3435DDA2687639586BF0B70; targetProxy = 431387EB7262E1CFC79B125E; };
E3435DDA2687639586BF0B70 = { isa = PBXNativeTarget; buildConfigurationList = 1D97B77EAD2380603A3F2A82; buildPhases = (4821909E9BF9E73E471FEA84,6EFAB1ECC0D092E20FE51FCD,F667297ED3AB90EAC07798D4,); buildRules = (); dependencies = (); name = Taskfold; productName = Taskfold; productReference = 84337AD8D27FCD69AF2C4FC2; productType = "com.apple.product-type.application"; };
5DED2D04DB49D4091162647E = { isa = PBXNativeTarget; buildConfigurationList = 96375ECE1B94BBE7901BC88B; buildPhases = (BDA9E329ACCE0E746140CA84,); buildRules = (); dependencies = (E54DEBD65D8142E7785275AA,); name = TaskfoldUITests; productName = TaskfoldUITests; productReference = DFDED23FA58339F9273F6C84; productType = "com.apple.product-type.bundle.ui-testing"; };
46F86FAA6BBF9AC94A7E4595 = { isa = PBXProject; attributes = { BuildIndependentTargetsInParallel = YES; LastUpgradeCheck = 2600; TargetAttributes = { E3435DDA2687639586BF0B70 = { DevelopmentTeam = 3UZ4C73FM2; }; 5DED2D04DB49D4091162647E = { DevelopmentTeam = 3UZ4C73FM2; TestTargetID = E3435DDA2687639586BF0B70; }; }; }; buildConfigurationList = 1F4E3D13C2320EDA50221924; compatibilityVersion = "Xcode 14.0"; developmentRegion = en; hasScannedForEncodings = 0; knownRegions = (en,Base,); mainGroup = 518DA81DB9B99529C0C0AEBE; productRefGroup = 2F3A6B1E78F896718625FF06; projectDirPath = ""; projectRoot = ""; targets = (E3435DDA2687639586BF0B70,5DED2D04DB49D4091162647E,); };
}; rootObject = 46F86FAA6BBF9AC94A7E4595; }
