// !$*UTF8*$!
{ archiveVersion = 1; classes = {}; objectVersion = 56; objects = {
E1F0F760C1C3E0F95AE68342 = { isa = PBXFileReference; lastKnownFileType = sourcecode.swift; path = "Taskfold/Collaboration.swift"; sourceTree = "<group>"; };
E5F3E5EAD07D2B0DF810C00D = { isa = PBXFileReference; lastKnownFileType = sourcecode.swift; path = "Taskfold/Identity.swift"; sourceTree = "<group>"; };
69DCF4CEEC6B8E9D35E75888 = { isa = PBXFileReference; lastKnownFileType = sourcecode.swift; path = "Taskfold/LiveActivityStub.swift"; sourceTree = "<group>"; };
A5704DEA65CD170D4F7F7495 = { isa = PBXFileReference; lastKnownFileType = sourcecode.swift; path = "Taskfold/TaskfoldMacApp.swift"; sourceTree = "<group>"; };
72498EBCFCBAF3D07A5B028C = { isa = PBXFileReference; lastKnownFileType = sourcecode.swift; path = "Taskfold/Views/AccountSecurityViews.swift"; sourceTree = "<group>"; };
130608A0A807178C34F36B93 = { isa = PBXFileReference; lastKnownFileType = sourcecode.swift; path = "Taskfold/Views/AppearanceSettings.swift"; sourceTree = "<group>"; };
F46DEB2EECE7A8A3DD4CAF35 = { isa = PBXFileReference; lastKnownFileType = sourcecode.swift; path = "Taskfold/Views/AuthView.swift"; sourceTree = "<group>"; };
38E6200FE4E11A7A239F5737 = { isa = PBXFileReference; lastKnownFileType = sourcecode.swift; path = "Taskfold/Views/CalendarView.swift"; sourceTree = "<group>"; };
E17F741225C7BF494AA723E9 = { isa = PBXFileReference; lastKnownFileType = sourcecode.swift; path = "Taskfold/Views/CommentEditor.swift"; sourceTree = "<group>"; };
2EB7F576A928A2C5A33655E7 = { isa = PBXFileReference; lastKnownFileType = sourcecode.swift; path = "Taskfold/Views/DragDrop.swift"; sourceTree = "<group>"; };
3F952D7A79A072368816403F = { isa = PBXFileReference; lastKnownFileType = sourcecode.swift; path = "Taskfold/Views/Editors.swift"; sourceTree = "<group>"; };
D56B0D19FA1F14728F7C9459 = { isa = PBXFileReference; lastKnownFileType = sourcecode.swift; path = "Taskfold/Views/FinderView.swift"; sourceTree = "<group>"; };
70F0DC25A4E23F4B4415C453 = { isa = PBXFileReference; lastKnownFileType = sourcecode.swift; path = "Taskfold/Views/KeyRouter.swift"; sourceTree = "<group>"; };
D5811199AC6E6C90E87E48D2 = { isa = PBXFileReference; lastKnownFileType = sourcecode.swift; path = "Taskfold/Views/Links.swift"; sourceTree = "<group>"; };
45995F25100BA9B31B5C3A76 = { isa = PBXFileReference; lastKnownFileType = sourcecode.swift; path = "Taskfold/Views/ListScrollMemory.swift"; sourceTree = "<group>"; };
48FF9548F12C83DF947DFE9B = { isa = PBXFileReference; lastKnownFileType = sourcecode.swift; path = "Taskfold/Views/Motion.swift"; sourceTree = "<group>"; };
A15947A134928BEA14241C2F = { isa = PBXFileReference; lastKnownFileType = sourcecode.swift; path = "Taskfold/Views/OnboardingView.swift"; sourceTree = "<group>"; };
01EC666BEFC252DBA31DD4D9 = { isa = PBXFileReference; lastKnownFileType = sourcecode.swift; path = "Taskfold/Views/PlanDayView.swift"; sourceTree = "<group>"; };
5CA9B11870A4CCFFA7EFE77D = { isa = PBXFileReference; lastKnownFileType = sourcecode.swift; path = "Taskfold/Views/ProjectBoard.swift"; sourceTree = "<group>"; };
6D38900D771B8747ABDF980E = { isa = PBXFileReference; lastKnownFileType = sourcecode.swift; path = "Taskfold/Views/QuickEntryChips.swift"; sourceTree = "<group>"; };
BB50CD1486D1C474B03C25BC = { isa = PBXFileReference; lastKnownFileType = sourcecode.swift; path = "Taskfold/Views/RootView.swift"; sourceTree = "<group>"; };
85BBBB23550ADACF3B13D4DF = { isa = PBXFileReference; lastKnownFileType = sourcecode.swift; path = "Taskfold/Views/SettingsView.swift"; sourceTree = "<group>"; };
7D653582B76EEC85DE2DAEBA = { isa = PBXFileReference; lastKnownFileType = sourcecode.swift; path = "Taskfold/Views/SidebarView.swift"; sourceTree = "<group>"; };
3F14B2EE90F9780861A60151 = { isa = PBXFileReference; lastKnownFileType = sourcecode.swift; path = "Taskfold/Views/TaskInspector.swift"; sourceTree = "<group>"; };
A3E24AB149289AD47C257697 = { isa = PBXFileReference; lastKnownFileType = sourcecode.swift; path = "Taskfold/Views/TaskListView.swift"; sourceTree = "<group>"; };
EDF82078AE73353BC577B4AB = { isa = PBXFileReference; lastKnownFileType = sourcecode.swift; path = "Taskfold/Views/TaskRowView.swift"; sourceTree = "<group>"; };
BD6BD2FCDAA326E55676648E = { isa = PBXFileReference; lastKnownFileType = sourcecode.swift; path = "Taskfold/Views/Transitions.swift"; sourceTree = "<group>"; };
2D0543843EF1DFFB44AF8FE3 = { isa = PBXFileReference; lastKnownFileType = sourcecode.swift; path = "Taskfold/Workspace.swift"; sourceTree = "<group>"; };
6D44E2BA1053805D9F9C629C = { isa = PBXFileReference; lastKnownFileType = sourcecode.swift; name = "Models.swift"; path = "$(TASKFOLD_IOS_ROOT)/Taskfold/Core/Models.swift"; sourceTree = "<group>"; };
B54F7D49DC9B8496864FBDFA = { isa = PBXFileReference; lastKnownFileType = sourcecode.swift; name = "Store.swift"; path = "$(TASKFOLD_IOS_ROOT)/Taskfold/Core/Store.swift"; sourceTree = "<group>"; };
631476DD7540E935EB638372 = { isa = PBXFileReference; lastKnownFileType = sourcecode.swift; name = "Backend.swift"; path = "$(TASKFOLD_IOS_ROOT)/Taskfold/Core/Backend.swift"; sourceTree = "<group>"; };
B98CB8568071270C3EB3A9D3 = { isa = PBXFileReference; lastKnownFileType = sourcecode.swift; name = "Intents.swift"; path = "$(TASKFOLD_IOS_ROOT)/Taskfold/Core/Intents.swift"; sourceTree = "<group>"; };
3682AACB19F86BF44A7049E9 = { isa = PBXFileReference; lastKnownFileType = folder.assetcatalog; path = "Taskfold/Assets.xcassets"; sourceTree = "<group>"; };
541BD1B55CD679DFB308A73F = { isa = PBXFileReference; lastKnownFileType = text.plist.xml; name = "Backend.plist"; path = "$(TASKFOLD_IOS_ROOT)/Taskfold/Backend.plist"; sourceTree = "<group>"; };
3A2997E761D3FE671CB7B87E = { isa = PBXFileReference; lastKnownFileType = folder.icon; name = "TaskfoldIcon.icon"; path = "$(TASKFOLD_IOS_ROOT)/Taskfold/TaskfoldIcon.icon"; sourceTree = "<group>"; };
0120B8D10304049A184995EB = { isa = PBXFileReference; lastKnownFileType = sourcecode.swift; path = "TaskfoldUITests/TaskfoldMacUITests.swift"; sourceTree = "<group>"; };
AF931C688365A4F877C97F28 = { isa = PBXFileReference; lastKnownFileType = text.plist.xml; path = "Taskfold/Info.plist"; sourceTree = "<group>"; };
BE3B30C7B018B1FA80EEFFAE = { isa = PBXFileReference; lastKnownFileType = text.plist.entitlements; path = "Taskfold/Taskfold.entitlements"; sourceTree = "<group>"; };
3B533737439B3E670949FF61 = { isa = PBXFileReference; lastKnownFileType = text.plist.entitlements; path = "Taskfold/Taskfold-Distribution.entitlements"; sourceTree = "<group>"; };
4E3A0A9581B7B17365A121B1 = { isa = PBXFileReference; lastKnownFileType = text.plist.xml; path = "TaskfoldWidgets/Info.plist"; sourceTree = "<group>"; };
009A128B5FBDE3159EB95FB4 = { isa = PBXFileReference; lastKnownFileType = text.plist.entitlements; path = "TaskfoldWidgets/TaskfoldWidgets.entitlements"; sourceTree = "<group>"; };
90B11F2AE53DE0767C9EB2AF = { isa = PBXFileReference; lastKnownFileType = sourcecode.swift; path = "TaskfoldWidgets/TaskfoldWidgets.swift"; sourceTree = "<group>"; };
E65D77FD7EB95B906BDBC2C6 = { isa = PBXBuildFile; fileRef = E1F0F760C1C3E0F95AE68342; };
43E9CD22FC9C912108E0E7E8 = { isa = PBXBuildFile; fileRef = E5F3E5EAD07D2B0DF810C00D; };
DFBC38A1D51E0AAF6024E571 = { isa = PBXBuildFile; fileRef = 69DCF4CEEC6B8E9D35E75888; };
5BB90DD8138C5009E4D21877 = { isa = PBXBuildFile; fileRef = A5704DEA65CD170D4F7F7495; };
311E2247AAA5A00CBE928AB3 = { isa = PBXBuildFile; fileRef = 72498EBCFCBAF3D07A5B028C; };
E3B9C13A0A40633B0F97AB61 = { isa = PBXBuildFile; fileRef = 130608A0A807178C34F36B93; };
8284622F3A98ED6E6A10C911 = { isa = PBXBuildFile; fileRef = F46DEB2EECE7A8A3DD4CAF35; };
B2EF5E009B677004BAB75B45 = { isa = PBXBuildFile; fileRef = 38E6200FE4E11A7A239F5737; };
A6A115D5F9EAF631DCA1FAAD = { isa = PBXBuildFile; fileRef = E17F741225C7BF494AA723E9; };
77D7475F51702103DBEA4D9F = { isa = PBXBuildFile; fileRef = 2EB7F576A928A2C5A33655E7; };
9FC43D2319F486BD36B1DEBC = { isa = PBXBuildFile; fileRef = 3F952D7A79A072368816403F; };
9FFC026AB3D909CDE175A579 = { isa = PBXBuildFile; fileRef = D56B0D19FA1F14728F7C9459; };
0677D49C8FC2B5EC9D1CA799 = { isa = PBXBuildFile; fileRef = 70F0DC25A4E23F4B4415C453; };
32E5A55BA491FD8D25DF01C3 = { isa = PBXBuildFile; fileRef = D5811199AC6E6C90E87E48D2; };
DAEA32870109C08C7BBE7FFB = { isa = PBXBuildFile; fileRef = 45995F25100BA9B31B5C3A76; };
E4797140A4E8DCB5DBAAC5A0 = { isa = PBXBuildFile; fileRef = 48FF9548F12C83DF947DFE9B; };
DEAB71EE503DD91253EC13E3 = { isa = PBXBuildFile; fileRef = A15947A134928BEA14241C2F; };
974A339994A744B44E8F4804 = { isa = PBXBuildFile; fileRef = 01EC666BEFC252DBA31DD4D9; };
6B0C790D245E2C4DF15ECE46 = { isa = PBXBuildFile; fileRef = 5CA9B11870A4CCFFA7EFE77D; };
51C5168ABABBCDB799F842E0 = { isa = PBXBuildFile; fileRef = 6D38900D771B8747ABDF980E; };
0BED1CE688603DFDBC1539D7 = { isa = PBXBuildFile; fileRef = BB50CD1486D1C474B03C25BC; };
B48B3904F3B2B855A3A222FA = { isa = PBXBuildFile; fileRef = 85BBBB23550ADACF3B13D4DF; };
2ABCC96207B4A2897CF32DAF = { isa = PBXBuildFile; fileRef = 7D653582B76EEC85DE2DAEBA; };
568F121B38187E95F1C35844 = { isa = PBXBuildFile; fileRef = 3F14B2EE90F9780861A60151; };
6423866D526A6D1AFB7C3BAB = { isa = PBXBuildFile; fileRef = A3E24AB149289AD47C257697; };
CACA48A91630F72F42F81C2A = { isa = PBXBuildFile; fileRef = EDF82078AE73353BC577B4AB; };
BB3D5AEB9D15D2B3DE141D95 = { isa = PBXBuildFile; fileRef = BD6BD2FCDAA326E55676648E; };
12530837B9879DDFD4A8D85A = { isa = PBXBuildFile; fileRef = 2D0543843EF1DFFB44AF8FE3; };
C3B36FAD2D035787287A4D06 = { isa = PBXBuildFile; fileRef = 6D44E2BA1053805D9F9C629C; };
456455EE47CBB9AE958529CE = { isa = PBXBuildFile; fileRef = B54F7D49DC9B8496864FBDFA; };
0BE1F885AEEB00F90E94ECB6 = { isa = PBXBuildFile; fileRef = 631476DD7540E935EB638372; };
FB182684996446FC9FF673CC = { isa = PBXBuildFile; fileRef = B98CB8568071270C3EB3A9D3; };
96261FFF93563871F8F82A81 = { isa = PBXBuildFile; fileRef = 3682AACB19F86BF44A7049E9; };
91893197ECC3C25C1BC6702A = { isa = PBXBuildFile; fileRef = 541BD1B55CD679DFB308A73F; };
9940F08B3696E44FE522AB7C = { isa = PBXBuildFile; fileRef = 3A2997E761D3FE671CB7B87E; };
1405E8FA1496C4AAB6371068 = { isa = PBXBuildFile; fileRef = 0120B8D10304049A184995EB; };
CFDCB3AFCAF2E4D6CEC6AEDD = { isa = PBXBuildFile; fileRef = 90B11F2AE53DE0767C9EB2AF; };
84337AD8D27FCD69AF2C4FC2 = { isa = PBXFileReference; explicitFileType = wrapper.application; path = Taskfold.app; sourceTree = BUILT_PRODUCTS_DIR; };
DFDED23FA58339F9273F6C84 = { isa = PBXFileReference; explicitFileType = wrapper.cfbundle; path = TaskfoldUITests.xctest; sourceTree = BUILT_PRODUCTS_DIR; };
BFECAD2CDFF9E900D17715D9 = { isa = PBXFileReference; explicitFileType = "wrapper.app-extension"; path = TaskfoldWidgets.appex; sourceTree = BUILT_PRODUCTS_DIR; };
8A0A84869C471554D03106BA = { isa = PBXBuildFile; fileRef = BFECAD2CDFF9E900D17715D9; settings = { ATTRIBUTES = (RemoveHeadersOnCopy,); }; };
2F3A6B1E78F896718625FF06 = { isa = PBXGroup; children = (84337AD8D27FCD69AF2C4FC2,DFDED23FA58339F9273F6C84,BFECAD2CDFF9E900D17715D9,); name = "Products"; sourceTree = "<group>"; };
978A74AA475F0428841A1317 = { isa = PBXGroup; children = (90B11F2AE53DE0767C9EB2AF,4E3A0A9581B7B17365A121B1,009A128B5FBDE3159EB95FB4,); name = "TaskfoldWidgets"; sourceTree = "<group>"; };
39303E3BC852DD0DFDC830DC = { isa = PBXGroup; children = (6D44E2BA1053805D9F9C629C,B54F7D49DC9B8496864FBDFA,631476DD7540E935EB638372,B98CB8568071270C3EB3A9D3,541BD1B55CD679DFB308A73F,3A2997E761D3FE671CB7B87E,); name = "Shared Core (taskfold-ios)"; sourceTree = "<group>"; };
38DF21AEF4612506D6BE5CBE = { isa = PBXGroup; children = (72498EBCFCBAF3D07A5B028C,130608A0A807178C34F36B93,F46DEB2EECE7A8A3DD4CAF35,38E6200FE4E11A7A239F5737,E17F741225C7BF494AA723E9,2EB7F576A928A2C5A33655E7,3F952D7A79A072368816403F,D56B0D19FA1F14728F7C9459,70F0DC25A4E23F4B4415C453,D5811199AC6E6C90E87E48D2,45995F25100BA9B31B5C3A76,48FF9548F12C83DF947DFE9B,A15947A134928BEA14241C2F,01EC666BEFC252DBA31DD4D9,5CA9B11870A4CCFFA7EFE77D,6D38900D771B8747ABDF980E,BB50CD1486D1C474B03C25BC,85BBBB23550ADACF3B13D4DF,7D653582B76EEC85DE2DAEBA,3F14B2EE90F9780861A60151,A3E24AB149289AD47C257697,EDF82078AE73353BC577B4AB,BD6BD2FCDAA326E55676648E,); name = "Views"; sourceTree = "<group>"; };
6066F237CF8F1EB7E7D1F371 = { isa = PBXGroup; children = (E1F0F760C1C3E0F95AE68342,E5F3E5EAD07D2B0DF810C00D,69DCF4CEEC6B8E9D35E75888,A5704DEA65CD170D4F7F7495,2D0543843EF1DFFB44AF8FE3,38DF21AEF4612506D6BE5CBE,3682AACB19F86BF44A7049E9,AF931C688365A4F877C97F28,BE3B30C7B018B1FA80EEFFAE,3B533737439B3E670949FF61,); name = "Taskfold"; sourceTree = "<group>"; };
E8A3D9C9650E8B28E2AC5008 = { isa = PBXGroup; children = (0120B8D10304049A184995EB,); name = "TaskfoldUITests"; sourceTree = "<group>"; };
518DA81DB9B99529C0C0AEBE = { isa = PBXGroup; children = (6066F237CF8F1EB7E7D1F371,39303E3BC852DD0DFDC830DC,E8A3D9C9650E8B28E2AC5008,978A74AA475F0428841A1317,2F3A6B1E78F896718625FF06,); name = "Root"; sourceTree = "<group>"; };
4821909E9BF9E73E471FEA84 = { isa = PBXSourcesBuildPhase; buildActionMask = 2147483647; files = (E65D77FD7EB95B906BDBC2C6,43E9CD22FC9C912108E0E7E8,DFBC38A1D51E0AAF6024E571,5BB90DD8138C5009E4D21877,311E2247AAA5A00CBE928AB3,E3B9C13A0A40633B0F97AB61,8284622F3A98ED6E6A10C911,B2EF5E009B677004BAB75B45,A6A115D5F9EAF631DCA1FAAD,77D7475F51702103DBEA4D9F,9FC43D2319F486BD36B1DEBC,9FFC026AB3D909CDE175A579,0677D49C8FC2B5EC9D1CA799,32E5A55BA491FD8D25DF01C3,DAEA32870109C08C7BBE7FFB,E4797140A4E8DCB5DBAAC5A0,DEAB71EE503DD91253EC13E3,974A339994A744B44E8F4804,6B0C790D245E2C4DF15ECE46,51C5168ABABBCDB799F842E0,0BED1CE688603DFDBC1539D7,B48B3904F3B2B855A3A222FA,2ABCC96207B4A2897CF32DAF,568F121B38187E95F1C35844,6423866D526A6D1AFB7C3BAB,CACA48A91630F72F42F81C2A,BB3D5AEB9D15D2B3DE141D95,12530837B9879DDFD4A8D85A,C3B36FAD2D035787287A4D06,456455EE47CBB9AE958529CE,0BE1F885AEEB00F90E94ECB6,FB182684996446FC9FF673CC,); runOnlyForDeploymentPostprocessing = 0; };
F667297ED3AB90EAC07798D4 = { isa = PBXResourcesBuildPhase; buildActionMask = 2147483647; files = (96261FFF93563871F8F82A81,91893197ECC3C25C1BC6702A,9940F08B3696E44FE522AB7C,); runOnlyForDeploymentPostprocessing = 0; };
6EFAB1ECC0D092E20FE51FCD = { isa = PBXFrameworksBuildPhase; buildActionMask = 2147483647; files = (); runOnlyForDeploymentPostprocessing = 0; };
BDA9E329ACCE0E746140CA84 = { isa = PBXSourcesBuildPhase; buildActionMask = 2147483647; files = (1405E8FA1496C4AAB6371068,); runOnlyForDeploymentPostprocessing = 0; };
C3328C8C5562F9F21FD847C9 = { isa = PBXSourcesBuildPhase; buildActionMask = 2147483647; files = (CFDCB3AFCAF2E4D6CEC6AEDD,); runOnlyForDeploymentPostprocessing = 0; };
8B14EC073536BFE5A8839A34 = { isa = PBXFrameworksBuildPhase; buildActionMask = 2147483647; files = (); runOnlyForDeploymentPostprocessing = 0; };
496AF46EC2762DDF91F78F13 = { isa = PBXCopyFilesBuildPhase; buildActionMask = 2147483647; dstPath = ""; dstSubfolderSpec = 13; files = (8A0A84869C471554D03106BA,); name = "Embed Foundation Extensions"; runOnlyForDeploymentPostprocessing = 0; };
4A43692AD8BCEEB8B727C85B = { isa = XCBuildConfiguration; name = Debug; buildSettings = { SDKROOT = macosx; MACOSX_DEPLOYMENT_TARGET = 15.0; TASKFOLD_IOS_ROOT = "$(PROJECT_DIR)/build/shared-ios"; SWIFT_VERSION = 5.0; CLANG_ENABLE_MODULES = YES; DEVELOPMENT_TEAM = 3UZ4C73FM2; CODE_SIGN_STYLE = Automatic; ENABLE_USER_SCRIPT_SANDBOXING = YES; COMBINE_HIDPI_IMAGES = YES; DEAD_CODE_STRIPPING = YES; SWIFT_OPTIMIZATION_LEVEL = "-Onone"; SWIFT_ACTIVE_COMPILATION_CONDITIONS = DEBUG; DEBUG_INFORMATION_FORMAT = dwarf; ONLY_ACTIVE_ARCH = YES; }; };
C28449456A5A705A7479770B = { isa = XCBuildConfiguration; name = Release; buildSettings = { SDKROOT = macosx; MACOSX_DEPLOYMENT_TARGET = 15.0; TASKFOLD_IOS_ROOT = "$(PROJECT_DIR)/build/shared-ios"; SWIFT_VERSION = 5.0; CLANG_ENABLE_MODULES = YES; DEVELOPMENT_TEAM = 3UZ4C73FM2; CODE_SIGN_STYLE = Automatic; ENABLE_USER_SCRIPT_SANDBOXING = YES; COMBINE_HIDPI_IMAGES = YES; DEAD_CODE_STRIPPING = YES; SWIFT_OPTIMIZATION_LEVEL = "-O"; DEBUG_INFORMATION_FORMAT = "dwarf-with-dsym"; }; };
1F4E3D13C2320EDA50221924 = { isa = XCConfigurationList; buildConfigurations = (4A43692AD8BCEEB8B727C85B,C28449456A5A705A7479770B,); defaultConfigurationIsVisible = 0; defaultConfigurationName = Release; };
0615050D04BD2DC4E6CFFAFF = { isa = XCBuildConfiguration; name = Debug; buildSettings = { PRODUCT_NAME = Taskfold; PRODUCT_BUNDLE_IDENTIFIER = com.dbakp.taskfold.mac; GENERATE_INFOPLIST_FILE = NO; INFOPLIST_FILE = Taskfold/Info.plist; CODE_SIGN_ENTITLEMENTS = Taskfold/Taskfold.entitlements; ENABLE_HARDENED_RUNTIME = YES; ASSETCATALOG_COMPILER_APPICON_NAME = TaskfoldIcon; ASSETCATALOG_COMPILER_GLOBAL_ACCENT_COLOR_NAME = AccentColor; CURRENT_PROJECT_VERSION = 2; MARKETING_VERSION = 1.1.0; SWIFT_EMIT_LOC_STRINGS = YES; ENABLE_PREVIEWS = YES; LD_RUNPATH_SEARCH_PATHS = "$(inherited) @executable_path/../Frameworks";  }; };
2761849A6D0E26CA4E1817A1 = { isa = XCBuildConfiguration; name = Release; buildSettings = { PRODUCT_NAME = Taskfold; PRODUCT_BUNDLE_IDENTIFIER = com.dbakp.taskfold.mac; GENERATE_INFOPLIST_FILE = NO; INFOPLIST_FILE = Taskfold/Info.plist; CODE_SIGN_ENTITLEMENTS = Taskfold/Taskfold.entitlements; ENABLE_HARDENED_RUNTIME = YES; ASSETCATALOG_COMPILER_APPICON_NAME = TaskfoldIcon; ASSETCATALOG_COMPILER_GLOBAL_ACCENT_COLOR_NAME = AccentColor; CURRENT_PROJECT_VERSION = 2; MARKETING_VERSION = 1.1.0; SWIFT_EMIT_LOC_STRINGS = YES; ENABLE_PREVIEWS = YES; LD_RUNPATH_SEARCH_PATHS = "$(inherited) @executable_path/../Frameworks";  }; };
1D97B77EAD2380603A3F2A82 = { isa = XCConfigurationList; buildConfigurations = (0615050D04BD2DC4E6CFFAFF,2761849A6D0E26CA4E1817A1,); defaultConfigurationIsVisible = 0; defaultConfigurationName = Release; };
B48F0637DA179A96BEA0C97B = { isa = XCBuildConfiguration; name = Debug; buildSettings = { PRODUCT_NAME = TaskfoldUITests; PRODUCT_BUNDLE_IDENTIFIER = com.dbakp.taskfold.mac.uitests; GENERATE_INFOPLIST_FILE = YES; TEST_TARGET_NAME = Taskfold;  }; };
AAEC77A85B92260B0596B84C = { isa = XCBuildConfiguration; name = Release; buildSettings = { PRODUCT_NAME = TaskfoldUITests; PRODUCT_BUNDLE_IDENTIFIER = com.dbakp.taskfold.mac.uitests; GENERATE_INFOPLIST_FILE = YES; TEST_TARGET_NAME = Taskfold;  }; };
96375ECE1B94BBE7901BC88B = { isa = XCConfigurationList; buildConfigurations = (B48F0637DA179A96BEA0C97B,AAEC77A85B92260B0596B84C,); defaultConfigurationIsVisible = 0; defaultConfigurationName = Release; };
772DD5A46A05095FCD574292 = { isa = XCBuildConfiguration; name = Debug; buildSettings = { PRODUCT_NAME = TaskfoldWidgets; PRODUCT_BUNDLE_IDENTIFIER = com.dbakp.taskfold.mac.widgets; GENERATE_INFOPLIST_FILE = NO; INFOPLIST_FILE = TaskfoldWidgets/Info.plist; CODE_SIGN_ENTITLEMENTS = TaskfoldWidgets/TaskfoldWidgets.entitlements; ENABLE_HARDENED_RUNTIME = YES; SKIP_INSTALL = YES; CURRENT_PROJECT_VERSION = 2; MARKETING_VERSION = 1.1.0; LD_RUNPATH_SEARCH_PATHS = "$(inherited) @executable_path/../Frameworks @executable_path/../../../../Frameworks";  }; };
ABF6882641BC8E6F60072B07 = { isa = XCBuildConfiguration; name = Release; buildSettings = { PRODUCT_NAME = TaskfoldWidgets; PRODUCT_BUNDLE_IDENTIFIER = com.dbakp.taskfold.mac.widgets; GENERATE_INFOPLIST_FILE = NO; INFOPLIST_FILE = TaskfoldWidgets/Info.plist; CODE_SIGN_ENTITLEMENTS = TaskfoldWidgets/TaskfoldWidgets.entitlements; ENABLE_HARDENED_RUNTIME = YES; SKIP_INSTALL = YES; CURRENT_PROJECT_VERSION = 2; MARKETING_VERSION = 1.1.0; LD_RUNPATH_SEARCH_PATHS = "$(inherited) @executable_path/../Frameworks @executable_path/../../../../Frameworks";  }; };
19AA4033A8B9E5A2D7FA7920 = { isa = XCConfigurationList; buildConfigurations = (772DD5A46A05095FCD574292,ABF6882641BC8E6F60072B07,); defaultConfigurationIsVisible = 0; defaultConfigurationName = Release; };
431387EB7262E1CFC79B125E = { isa = PBXContainerItemProxy; containerPortal = 46F86FAA6BBF9AC94A7E4595; proxyType = 1; remoteGlobalIDString = E3435DDA2687639586BF0B70; remoteInfo = Taskfold; };
E54DEBD65D8142E7785275AA = { isa = PBXTargetDependency; target = E3435DDA2687639586BF0B70; targetProxy = 431387EB7262E1CFC79B125E; };
9EEE6D094A0BB53AFF342FC6 = { isa = PBXContainerItemProxy; containerPortal = 46F86FAA6BBF9AC94A7E4595; proxyType = 1; remoteGlobalIDString = 61AE62A726C5184DD7642861; remoteInfo = TaskfoldWidgets; };
C0F51B95DADA4AA14963C1CD = { isa = PBXTargetDependency; target = 61AE62A726C5184DD7642861; targetProxy = 9EEE6D094A0BB53AFF342FC6; };
61AE62A726C5184DD7642861 = { isa = PBXNativeTarget; buildConfigurationList = 19AA4033A8B9E5A2D7FA7920; buildPhases = (C3328C8C5562F9F21FD847C9,8B14EC073536BFE5A8839A34,); buildRules = (); dependencies = (); name = TaskfoldWidgets; productName = TaskfoldWidgets; productReference = BFECAD2CDFF9E900D17715D9; productType = "com.apple.product-type.app-extension"; };
E3435DDA2687639586BF0B70 = { isa = PBXNativeTarget; buildConfigurationList = 1D97B77EAD2380603A3F2A82; buildPhases = (4821909E9BF9E73E471FEA84,6EFAB1ECC0D092E20FE51FCD,F667297ED3AB90EAC07798D4,496AF46EC2762DDF91F78F13,); buildRules = (); dependencies = (C0F51B95DADA4AA14963C1CD,); name = Taskfold; productName = Taskfold; productReference = 84337AD8D27FCD69AF2C4FC2; productType = "com.apple.product-type.application"; };
5DED2D04DB49D4091162647E = { isa = PBXNativeTarget; buildConfigurationList = 96375ECE1B94BBE7901BC88B; buildPhases = (BDA9E329ACCE0E746140CA84,); buildRules = (); dependencies = (E54DEBD65D8142E7785275AA,); name = TaskfoldUITests; productName = TaskfoldUITests; productReference = DFDED23FA58339F9273F6C84; productType = "com.apple.product-type.bundle.ui-testing"; };
46F86FAA6BBF9AC94A7E4595 = { isa = PBXProject; attributes = { BuildIndependentTargetsInParallel = YES; LastUpgradeCheck = 2600; TargetAttributes = { E3435DDA2687639586BF0B70 = { DevelopmentTeam = 3UZ4C73FM2; }; 5DED2D04DB49D4091162647E = { DevelopmentTeam = 3UZ4C73FM2; TestTargetID = E3435DDA2687639586BF0B70; }; 61AE62A726C5184DD7642861 = { DevelopmentTeam = 3UZ4C73FM2; }; }; }; buildConfigurationList = 1F4E3D13C2320EDA50221924; compatibilityVersion = "Xcode 14.0"; developmentRegion = en; hasScannedForEncodings = 0; knownRegions = (en,Base,); mainGroup = 518DA81DB9B99529C0C0AEBE; productRefGroup = 2F3A6B1E78F896718625FF06; projectDirPath = ""; projectRoot = ""; targets = (E3435DDA2687639586BF0B70,5DED2D04DB49D4091162647E,61AE62A726C5184DD7642861,); };
}; rootObject = 46F86FAA6BBF9AC94A7E4595; }
